
Microsoft Visual Studio Solution File, Format Version 12.00
# Visual Studio Version 16
VisualStudioVersion = 16.0.31702.278
MinimumVisualStudioVersion = 10.0.40219.1
Project("{9A19103F-16F7-4668-BE54-9A1E7A4F7556}") = "sms", "sms\sms.csproj", "{5DC2F170-74B9-415C-ABA0-AD4F25F85801}"
EndProject
Project("{FAE04EC0-301F-11D3-BF4B-00C04F79EFBC}") = "SMS.BLL", "SMS.BLL\SMS.BLL.csproj", "{A4A52705-9B0C-4914-9CCB-0BD976F5EAD8}"
EndProject
Project("{FAE04EC0-301F-11D3-BF4B-00C04F79EFBC}") = "SMS.BLL.Contracts", "SMS.BLL.Contracts\SMS.BLL.Contracts.csproj", "{3A62A997-1F81-47A1-940B-FA556485BBFD}"
EndProject
Project("{FAE04EC0-301F-11D3-BF4B-00C04F79EFBC}") = "SMS.IoCContainer", "SMS.IoCContainer\SMS.IoCContainer.csproj", "{F0682186-458B-45C5-982F-5702F6730117}"
EndProject
Project("{FAE04EC0-301F-11D3-BF4B-00C04F79EFBC}") = "SMS.DataBaseContext", "SMS.DataBaseContext\SMS.DataBaseContext.csproj", "{7844706B-9315-48BB-9C6B-B033D3011614}"
EndProject
Project("{FAE04EC0-301F-11D3-BF4B-00C04F79EFBC}") = "SMS.Model.Contracts", "SMS.Model.Contracts\SMS.Model.Contracts.csproj", "{4C19D278-BFE3-42F9-8615-849E0E560B7E}"
EndProject
Project("{FAE04EC0-301F-11D3-BF4B-00C04F79EFBC}") = "SMS.Models", "SMS.Models\SMS.Models.csproj", "{F330F6A3-0900-4592-9DA9-3E764F3056AF}"
EndProject
Project("{FAE04EC0-301F-11D3-BF4B-00C04F79EFBC}") = "SMS.Repositories", "SMS.Repositories\SMS.Repositories.csproj", "{A16D5CF1-34AE-4885-875D-B2F9D13BAE2D}"
EndProject
Project("{FAE04EC0-301F-11D3-BF4B-00C04F79EFBC}") = "SMS.Repositories.Abastractions", "SMS.Repositories.Abastractions\SMS.Repositories.Abastractions.csproj", "{34D42634-1F87-4541-A97B-7F9CC860F87B}"
EndProject
Project("{FAE04EC0-301F-11D3-BF4B-00C04F79EFBC}") = "SMSBase", "SMSBase\SMSBase.csproj", "{D4734575-FE9B-4F5E-9CDA-36170BB6CE76}"
EndProject
Project("{FAE04EC0-301F-11D3-BF4B-00C04F79EFBC}") = "Base", "Base\Base.csproj", "{28DE7D9C-9FD8-4C53-84F7-61A2F5FEF06D}"
EndProject
Global
	GlobalSection(SolutionConfigurationPlatforms) = preSolution
		Debug|Any CPU = Debug|Any CPU
		Release|Any CPU = Release|Any CPU
	EndGlobalSection
	GlobalSection(ProjectConfigurationPlatforms) = postSolution
		{5DC2F170-74B9-415C-ABA0-AD4F25F85801}.Debug|Any CPU.ActiveCfg = Debug|Any CPU
		{5DC2F170-74B9-415C-ABA0-AD4F25F85801}.Debug|Any CPU.Build.0 = Debug|Any CPU
		{5DC2F170-74B9-415C-ABA0-AD4F25F85801}.Release|Any CPU.ActiveCfg = Release|Any CPU
		{5DC2F170-74B9-415C-ABA0-AD4F25F85801}.Release|Any CPU.Build.0 = Release|Any CPU
		{A4A52705-9B0C-4914-9CCB-0BD976F5EAD8}.Debug|Any CPU.ActiveCfg = Debug|Any CPU
		{A4A52705-9B0C-4914-9CCB-0BD976F5EAD8}.Debug|Any CPU.Build.0 = Debug|Any CPU
		{A4A52705-9B0C-4914-9CCB-0BD976F5EAD8}.Release|Any CPU.ActiveCfg = Release|Any CPU
		{A4A52705-9B0C-4914-9CCB-0BD976F5EAD8}.Release|Any CPU.Build.0 = Release|Any CPU
		{3A62A997-1F81-47A1-940B-FA556485BBFD}.Debug|Any CPU.ActiveCfg = Debug|Any CPU
		{3A62A997-1F81-47A1-940B-FA556485BBFD}.Debug|Any CPU.Build.0 = Debug|Any CPU
		{3A62A997-1F81-47A1-940B-FA556485BBFD}.Release|Any CPU.ActiveCfg = Release|Any CPU
		{3A62A997-1F81-47A1-940B-FA556485BBFD}.Release|Any CPU.Build.0 = Release|Any CPU
		{F0682186-458B-45C5-982F-5702F6730117}.Debug|Any CPU.ActiveCfg = Debug|Any CPU
		{F0682186-458B-45C5-982F-5702F6730117}.Debug|Any CPU.Build.0 = Debug|Any CPU
		{F0682186-458B-45C5-982F-5702F6730117}.Release|Any CPU.ActiveCfg = Release|Any CPU
		{F0682186-458B-45C5-982F-5702F6730117}.Release|Any CPU.Build.0 = Release|Any CPU
		{7844706B-9315-48BB-9C6B-B033D3011614}.Debug|Any CPU.ActiveCfg = Debug|Any CPU
		{7844706B-9315-48BB-9C6B-B033D3011614}.Debug|Any CPU.Build.0 = Debug|Any CPU
		{7844706B-9315-48BB-9C6B-B033D3011614}.Release|Any CPU.ActiveCfg = Release|Any CPU
		{7844706B-9315-48BB-9C6B-B033D3011614}.Release|Any CPU.Build.0 = Release|Any CPU
		{4C19D278-BFE3-42F9-8615-849E0E560B7E}.Debug|Any CPU.ActiveCfg = Debug|Any CPU
		{4C19D278-BFE3-42F9-8615-849E0E560B7E}.Debug|Any CPU.Build.0 = Debug|Any CPU
		{4C19D278-BFE3-42F9-8615-849E0E560B7E}.Release|Any CPU.ActiveCfg = Release|Any CPU
		{4C19D278-BFE3-42F9-8615-849E0E560B7E}.Release|Any CPU.Build.0 = Release|Any CPU
		{F330F6A3-0900-4592-9DA9-3E764F3056AF}.Debug|Any CPU.ActiveCfg = Debug|Any CPU
		{F330F6A3-0900-4592-9DA9-3E764F3056AF}.Debug|Any CPU.Build.0 = Debug|Any CPU
		{F330F6A3-0900-4592-9DA9-3E764F3056AF}.Release|Any CPU.ActiveCfg = Release|Any CPU
		{F330F6A3-0900-4592-9DA9-3E764F3056AF}.Release|Any CPU.Build.0 = Release|Any CPU
		{A16D5CF1-34AE-4885-875D-B2F9D13BAE2D}.Debug|Any CPU.ActiveCfg = Debug|Any CPU
		{A16D5CF1-34AE-4885-875D-B2F9D13BAE2D}.Debug|Any CPU.Build.0 = Debug|Any CPU
		{A16D5CF1-34AE-4885-875D-B2F9D13BAE2D}.Release|Any CPU.ActiveCfg = Release|Any CPU
		{A16D5CF1-34AE-4885-875D-B2F9D13BAE2D}.Release|Any CPU.Build.0 = Release|Any CPU
		{34D42634-1F87-4541-A97B-7F9CC860F87B}.Debug|Any CPU.ActiveCfg = Debug|Any CPU
		{34D42634-1F87-4541-A97B-7F9CC860F87B}.Debug|Any CPU.Build.0 = Debug|Any CPU
		{34D42634-1F87-4541-A97B-7F9CC860F87B}.Release|Any CPU.ActiveCfg = Release|Any CPU
		{34D42634-1F87-4541-A97B-7F9CC860F87B}.Release|Any CPU.Build.0 = Release|Any CPU
		{D4734575-FE9B-4F5E-9CDA-36170BB6CE76}.Debug|Any CPU.ActiveCfg = Debug|Any CPU
		{D4734575-FE9B-4F5E-9CDA-36170BB6CE76}.Debug|Any CPU.Build.0 = Debug|Any CPU
		{D4734575-FE9B-4F5E-9CDA-36170BB6CE76}.Release|Any CPU.ActiveCfg = Release|Any CPU
		{D4734575-FE9B-4F5E-9CDA-36170BB6CE76}.Release|Any CPU.Build.0 = Release|Any CPU
		{28DE7D9C-9FD8-4C53-84F7-61A2F5FEF06D}.Debug|Any CPU.ActiveCfg = Debug|Any CPU
		{28DE7D9C-9FD8-4C53-84F7-61A2F5FEF06D}.Debug|Any CPU.Build.0 = Debug|Any CPU
		{28DE7D9C-9FD8-4C53-84F7-61A2F5FEF06D}.Release|Any CPU.ActiveCfg = Release|Any CPU
		{28DE7D9C-9FD8-4C53-84F7-61A2F5FEF06D}.Release|Any CPU.Build.0 = Release|Any CPU
	EndGlobalSection
	GlobalSection(SolutionProperties) = preSolution
		HideSolutionNode = FALSE
	EndGlobalSection
	GlobalSection(ExtensibilityGlobals) = postSolution
		SolutionGuid = {58A5BAC4-E292-4E64-B452-D474FD016F67}
	EndGlobalSection
EndGlobal
